
Microsoft Visual Studio Solution File, Format Version 12.00
# Visual Studio Version 17
VisualStudioVersion = 17.11.35312.102
MinimumVisualStudioVersion = 10.0.40219.1
Project("{9A19103F-16F7-4668-BE54-9A1E7A4F7556}") = "RssToExcel", "RssToExcel.csproj", "{141AE732-132E-451F-9E52-FC8030C826D9}"
EndProject
Global
	GlobalSection(SolutionConfigurationPlatforms) = preSolution
		Debug|Any CPU = Debug|Any CPU
		Release|Any CPU = Release|Any CPU
	EndGlobalSection
	GlobalSection(ProjectConfigurationPlatforms) = postSolution
		{141AE732-132E-451F-9E52-FC8030C826D9}.Debug|Any CPU.ActiveCfg = Debug|Any CPU
		{141AE732-132E-451F-9E52-FC8030C826D9}.Debug|Any CPU.Build.0 = Debug|Any CPU
		{141AE732-132E-451F-9E52-FC8030C826D9}.Release|Any CPU.ActiveCfg = Release|Any CPU
		{141AE732-132E-451F-9E52-FC8030C826D9}.Release|Any CPU.Build.0 = Release|Any CPU
	EndGlobalSection
	GlobalSection(SolutionProperties) = preSolution
		HideSolutionNode = FALSE
	EndGlobalSection
	GlobalSection(ExtensibilityGlobals) = postSolution
		SolutionGuid = {8ABF4B61-D5C9-4483-8EC0-4D5D32235198}
	EndGlobalSection
EndGlobal
